
Microsoft Visual Studio Solution File, Format Version 12.00
# Visual Studio 15
VisualStudioVersion = 15.0.26124.0
MinimumVisualStudioVersion = 15.0.26124.0
Project("{FAE04EC0-301F-11D3-BF4B-00C04F79EFBC}") = "api-415", "api-415\api-415.csproj", "{98A0B86B-99D7-4B50-9227-CE229D36EC9B}"
EndProject
Project("{FAE04EC0-301F-11D3-BF4B-00C04F79EFBC}") = "blazor-415", "blazor-415\blazor-415.csproj", "{EF94D823-E81B-41AC-8EF7-4DA6124A2D76}"
EndProject
Global
	GlobalSection(SolutionConfigurationPlatforms) = preSolution
		Debug|Any CPU = Debug|Any CPU
		Debug|x64 = Debug|x64
		Debug|x86 = Debug|x86
		Release|Any CPU = Release|Any CPU
		Release|x64 = Release|x64
		Release|x86 = Release|x86
	EndGlobalSection
	GlobalSection(SolutionProperties) = preSolution
		HideSolutionNode = FALSE
	EndGlobalSection
	GlobalSection(ProjectConfigurationPlatforms) = postSolution
		{98A0B86B-99D7-4B50-9227-CE229D36EC9B}.Debug|Any CPU.ActiveCfg = Debug|Any CPU
		{98A0B86B-99D7-4B50-9227-CE229D36EC9B}.Debug|Any CPU.Build.0 = Debug|Any CPU
		{98A0B86B-99D7-4B50-9227-CE229D36EC9B}.Debug|x64.ActiveCfg = Debug|Any CPU
		{98A0B86B-99D7-4B50-9227-CE229D36EC9B}.Debug|x64.Build.0 = Debug|Any CPU
		{98A0B86B-99D7-4B50-9227-CE229D36EC9B}.Debug|x86.ActiveCfg = Debug|Any CPU
		{98A0B86B-99D7-4B50-9227-CE229D36EC9B}.Debug|x86.Build.0 = Debug|Any CPU
		{98A0B86B-99D7-4B50-9227-CE229D36EC9B}.Release|Any CPU.ActiveCfg = Release|Any CPU
		{98A0B86B-99D7-4B50-9227-CE229D36EC9B}.Release|Any CPU.Build.0 = Release|Any CPU
		{98A0B86B-99D7-4B50-9227-CE229D36EC9B}.Release|x64.ActiveCfg = Release|Any CPU
		{98A0B86B-99D7-4B50-9227-CE229D36EC9B}.Release|x64.Build.0 = Release|Any CPU
		{98A0B86B-99D7-4B50-9227-CE229D36EC9B}.Release|x86.ActiveCfg = Release|Any CPU
		{98A0B86B-99D7-4B50-9227-CE229D36EC9B}.Release|x86.Build.0 = Release|Any CPU
		{EF94D823-E81B-41AC-8EF7-4DA6124A2D76}.Debug|Any CPU.ActiveCfg = Debug|Any CPU
		{EF94D823-E81B-41AC-8EF7-4DA6124A2D76}.Debug|Any CPU.Build.0 = Debug|Any CPU
		{EF94D823-E81B-41AC-8EF7-4DA6124A2D76}.Debug|x64.ActiveCfg = Debug|Any CPU
		{EF94D823-E81B-41AC-8EF7-4DA6124A2D76}.Debug|x64.Build.0 = Debug|Any CPU
		{EF94D823-E81B-41AC-8EF7-4DA6124A2D76}.Debug|x86.ActiveCfg = Debug|Any CPU
		{EF94D823-E81B-41AC-8EF7-4DA6124A2D76}.Debug|x86.Build.0 = Debug|Any CPU
		{EF94D823-E81B-41AC-8EF7-4DA6124A2D76}.Release|Any CPU.ActiveCfg = Release|Any CPU
		{EF94D823-E81B-41AC-8EF7-4DA6124A2D76}.Release|Any CPU.Build.0 = Release|Any CPU
		{EF94D823-E81B-41AC-8EF7-4DA6124A2D76}.Release|x64.ActiveCfg = Release|Any CPU
		{EF94D823-E81B-41AC-8EF7-4DA6124A2D76}.Release|x64.Build.0 = Release|Any CPU
		{EF94D823-E81B-41AC-8EF7-4DA6124A2D76}.Release|x86.ActiveCfg = Release|Any CPU
		{EF94D823-E81B-41AC-8EF7-4DA6124A2D76}.Release|x86.Build.0 = Release|Any CPU
	EndGlobalSection
EndGlobal
